dependencies:
  esp32-wifi-manager:
    component_hash: 809c587c9f074ae699ee3d6fcec580873da15ed86303c8e7c7ba408ce5a1a474
    source:
      git: https://github.com/huardti/esp32-wifi-manager.git
      path: .
      type: git
    version: 278319504537e8d0b6485284eeb35c4df2b9ad68
  espressif/esp_lcd_touch:
    component_hash: d4d8f2dc33205797169a97a02e0d89a8982f59fe0509129b54422052b8522f59
    source:
      service_url: https://api.components.espressif.com/
      type: service
    version: 1.1.1
  espressif/esp_lcd_touch_gt911:
    component_hash: 20ac25d1439dbe177764dbed9cd868388fecb052380b5349f2e9e370013ca76a
    source:
      service_url: https://api.components.espressif.com/
      type: service
    version: 1.1.0
  espressif/esp_lvgl_port:
    component_hash: b43dc04720d126cbfe14d53a84787e4c24b7bd7f15468e224c930ad3ffb32258
    source:
      service_url: https://api.components.espressif.com/
      type: service
    version: 1.4.0
  espressif/mdns:
    component_hash: d8ae7aa491ff97aea1d00d514a1de42cdbaaf1bce10df183968fa5594b904de7
    source:
      service_url: https://api.components.espressif.com/
      type: service
    version: 1.2.5
  idf:
    component_hash: null
    source:
      type: idf
    version: 5.2.1
  lvgl__lvgl:
    component_hash: null
    source:
      path: /home/alan/ha/wallclock/components/lvgl__lvgl
      type: local
    version: 8.3.11
manifest_hash: 07951018256f2db5197d23df981024f7bf637309e042be2011baa8cbd8219de1
target: esp32s3
version: 1.0.0
