dependencies:
  idf:
    component_hash: null
    source:
      type: idf
    version: 5.1.2
  lvgl__lvgl:
    component_hash: null
    source:
      path: /home/alan/ha/wallclock/components/lvgl__lvgl
      type: local
    version: 8.3.11
manifest_hash: 5571674267950c54a6b956f0eb7332214a6ae3d037ffec6344fcd1a58bdbeb75
target: esp32s3
version: 1.0.0
